
Microsoft Visual Studio Solution File, Format Version 12.00
# Visual Studio Version 17
VisualStudioVersion = 17.5.002.0
MinimumVisualStudioVersion = 10.0.40219.1
Project("{9A19103F-16F7-4668-BE54-9A1E7A4F7556}") = "Raghadtest", "Raghadtest.csproj", "{315D3CF2-42CD-457D-A2B9-55F18B4A4A26}"
EndProject
Global
	GlobalSection(SolutionConfigurationPlatforms) = preSolution
		Debug|Any CPU = Debug|Any CPU
		Release|Any CPU = Release|Any CPU
	EndGlobalSection
	GlobalSection(ProjectConfigurationPlatforms) = postSolution
		{315D3CF2-42CD-457D-A2B9-55F18B4A4A26}.Debug|Any CPU.ActiveCfg = Debug|Any CPU
		{315D3CF2-42CD-457D-A2B9-55F18B4A4A26}.Debug|Any CPU.Build.0 = Debug|Any CPU
		{315D3CF2-42CD-457D-A2B9-55F18B4A4A26}.Release|Any CPU.ActiveCfg = Release|Any CPU
		{315D3CF2-42CD-457D-A2B9-55F18B4A4A26}.Release|Any CPU.Build.0 = Release|Any CPU
	EndGlobalSection
	GlobalSection(SolutionProperties) = preSolution
		HideSolutionNode = FALSE
	EndGlobalSection
	GlobalSection(ExtensibilityGlobals) = postSolution
		SolutionGuid = {909592D5-FE6A-4B99-A769-A76A2E06AE4E}
	EndGlobalSection
EndGlobal
